
Microsoft Visual Studio Solution File, Format Version 12.00
# Visual Studio 14
VisualStudioVersion = 14.0.25420.1
MinimumVisualStudioVersion = 10.0.40219.1
Project("{D954291E-2A0B-460D-934E-DC6B0785DB48}") = "XamaSama", "XamaSama\XamaSama\XamaSama.shproj", "{4BB0319A-BA75-4E15-99CE-8F7C791A499A}"
EndProject
Project("{FAE04EC0-301F-11D3-BF4B-00C04F79EFBC}") = "XamaSama.Droid", "XamaSama\XamaSama.Droid\XamaSama.Droid.csproj", "{02595479-C363-448F-B8DC-8592FB4F9E5B}"
EndProject
Project("{FAE04EC0-301F-11D3-BF4B-00C04F79EFBC}") = "XamaSama.iOS", "XamaSama\XamaSama.iOS\XamaSama.iOS.csproj", "{8B844CBF-C212-4957-8945-9416F5FFD6C5}"
EndProject
Global
	GlobalSection(SharedMSBuildProjectFiles) = preSolution
		XamaSama\XamaSama\XamaSama.projitems*{02595479-c363-448f-b8dc-8592fb4f9e5b}*SharedItemsImports = 4
		XamaSama\XamaSama\XamaSama.projitems*{4bb0319a-ba75-4e15-99ce-8f7c791a499a}*SharedItemsImports = 13
		XamaSama\XamaSama\XamaSama.projitems*{8b844cbf-c212-4957-8945-9416f5ffd6c5}*SharedItemsImports = 4
	EndGlobalSection
	GlobalSection(SolutionConfigurationPlatforms) = preSolution
		Ad-Hoc|Any CPU = Ad-Hoc|Any CPU
		Ad-Hoc|ARM = Ad-Hoc|ARM
		Ad-Hoc|iPhone = Ad-Hoc|iPhone
		Ad-Hoc|iPhoneSimulator = Ad-Hoc|iPhoneSimulator
		Ad-Hoc|x64 = Ad-Hoc|x64
		Ad-Hoc|x86 = Ad-Hoc|x86
		AppStore|Any CPU = AppStore|Any CPU
		AppStore|ARM = AppStore|ARM
		AppStore|iPhone = AppStore|iPhone
		AppStore|iPhoneSimulator = AppStore|iPhoneSimulator
		AppStore|x64 = AppStore|x64
		AppStore|x86 = AppStore|x86
		Debug|Any CPU = Debug|Any CPU
		Debug|ARM = Debug|ARM
		Debug|iPhone = Debug|iPhone
		Debug|iPhoneSimulator = Debug|iPhoneSimulator
		Debug|x64 = Debug|x64
		Debug|x86 = Debug|x86
		Release|Any CPU = Release|Any CPU
		Release|ARM = Release|ARM
		Release|iPhone = Release|iPhone
		Release|iPhoneSimulator = Release|iPhoneSimulator
		Release|x64 = Release|x64
		Release|x86 = Release|x86
	EndGlobalSection
	GlobalSection(ProjectConfigurationPlatforms) = postSolution
		{02595479-C363-448F-B8DC-8592FB4F9E5B}.Ad-Hoc|Any CPU.ActiveCfg = Release|Any CPU
		{02595479-C363-448F-B8DC-8592FB4F9E5B}.Ad-Hoc|Any CPU.Build.0 = Release|Any CPU
		{02595479-C363-448F-B8DC-8592FB4F9E5B}.Ad-Hoc|Any CPU.Deploy.0 = Release|Any CPU
		{02595479-C363-448F-B8DC-8592FB4F9E5B}.Ad-Hoc|ARM.ActiveCfg = Release|Any CPU
		{02595479-C363-448F-B8DC-8592FB4F9E5B}.Ad-Hoc|ARM.Build.0 = Release|Any CPU
		{02595479-C363-448F-B8DC-8592FB4F9E5B}.Ad-Hoc|ARM.Deploy.0 = Release|Any CPU
		{02595479-C363-448F-B8DC-8592FB4F9E5B}.Ad-Hoc|iPhone.ActiveCfg = Release|Any CPU
		{02595479-C363-448F-B8DC-8592FB4F9E5B}.Ad-Hoc|iPhone.Build.0 = Release|Any CPU
		{02595479-C363-448F-B8DC-8592FB4F9E5B}.Ad-Hoc|iPhone.Deploy.0 = Release|Any CPU
		{02595479-C363-448F-B8DC-8592FB4F9E5B}.Ad-Hoc|iPhoneSimulator.ActiveCfg = Release|Any CPU
		{02595479-C363-448F-B8DC-8592FB4F9E5B}.Ad-Hoc|iPhoneSimulator.Build.0 = Release|Any CPU
		{02595479-C363-448F-B8DC-8592FB4F9E5B}.Ad-Hoc|iPhoneSimulator.Deploy.0 = Release|Any CPU
		{02595479-C363-448F-B8DC-8592FB4F9E5B}.Ad-Hoc|x64.ActiveCfg = Release|Any CPU
		{02595479-C363-448F-B8DC-8592FB4F9E5B}.Ad-Hoc|x64.Build.0 = Release|Any CPU
		{02595479-C363-448F-B8DC-8592FB4F9E5B}.Ad-Hoc|x64.Deploy.0 = Release|Any CPU
		{02595479-C363-448F-B8DC-8592FB4F9E5B}.Ad-Hoc|x86.ActiveCfg = Release|Any CPU
		{02595479-C363-448F-B8DC-8592FB4F9E5B}.Ad-Hoc|x86.Build.0 = Release|Any CPU
		{02595479-C363-448F-B8DC-8592FB4F9E5B}.Ad-Hoc|x86.Deploy.0 = Release|Any CPU
		{02595479-C363-448F-B8DC-8592FB4F9E5B}.AppStore|Any CPU.ActiveCfg = Release|Any CPU
		{02595479-C363-448F-B8DC-8592FB4F9E5B}.AppStore|Any CPU.Build.0 = Release|Any CPU
		{02595479-C363-448F-B8DC-8592FB4F9E5B}.AppStore|Any CPU.Deploy.0 = Release|Any CPU
		{02595479-C363-448F-B8DC-8592FB4F9E5B}.AppStore|ARM.ActiveCfg = Release|Any CPU
		{02595479-C363-448F-B8DC-8592FB4F9E5B}.AppStore|ARM.Build.0 = Release|Any CPU
		{02595479-C363-448F-B8DC-8592FB4F9E5B}.AppStore|ARM.Deploy.0 = Release|Any CPU
		{02595479-C363-448F-B8DC-8592FB4F9E5B}.AppStore|iPhone.ActiveCfg = Release|Any CPU
		{02595479-C363-448F-B8DC-8592FB4F9E5B}.AppStore|iPhone.Build.0 = Release|Any CPU
		{02595479-C363-448F-B8DC-8592FB4F9E5B}.AppStore|iPhone.Deploy.0 = Release|Any CPU
		{02595479-C363-448F-B8DC-8592FB4F9E5B}.AppStore|iPhoneSimulator.ActiveCfg = Release|Any CPU
		{02595479-C363-448F-B8DC-8592FB4F9E5B}.AppStore|iPhoneSimulator.Build.0 = Release|Any CPU
		{02595479-C363-448F-B8DC-8592FB4F9E5B}.AppStore|iPhoneSimulator.Deploy.0 = Release|Any CPU
		{02595479-C363-448F-B8DC-8592FB4F9E5B}.AppStore|x64.ActiveCfg = Release|Any CPU
		{02595479-C363-448F-B8DC-8592FB4F9E5B}.AppStore|x64.Build.0 = Release|Any CPU
		{02595479-C363-448F-B8DC-8592FB4F9E5B}.AppStore|x64.Deploy.0 = Release|Any CPU
		{02595479-C363-448F-B8DC-8592FB4F9E5B}.AppStore|x86.ActiveCfg = Release|Any CPU
		{02595479-C363-448F-B8DC-8592FB4F9E5B}.AppStore|x86.Build.0 = Release|Any CPU
		{02595479-C363-448F-B8DC-8592FB4F9E5B}.AppStore|x86.Deploy.0 = Release|Any CPU
		{02595479-C363-448F-B8DC-8592FB4F9E5B}.Debug|Any CPU.ActiveCfg = Debug|Any CPU
		{02595479-C363-448F-B8DC-8592FB4F9E5B}.Debug|Any CPU.Build.0 = Debug|Any CPU
		{02595479-C363-448F-B8DC-8592FB4F9E5B}.Debug|Any CPU.Deploy.0 = Debug|Any CPU
		{02595479-C363-448F-B8DC-8592FB4F9E5B}.Debug|ARM.ActiveCfg = Debug|Any CPU
		{02595479-C363-448F-B8DC-8592FB4F9E5B}.Debug|ARM.Build.0 = Debug|Any CPU
		{02595479-C363-448F-B8DC-8592FB4F9E5B}.Debug|ARM.Deploy.0 = Debug|Any CPU
		{02595479-C363-448F-B8DC-8592FB4F9E5B}.Debug|iPhone.ActiveCfg = Debug|Any CPU
		{02595479-C363-448F-B8DC-8592FB4F9E5B}.Debug|iPhone.Build.0 = Debug|Any CPU
		{02595479-C363-448F-B8DC-8592FB4F9E5B}.Debug|iPhone.Deploy.0 = Debug|Any CPU
		{02595479-C363-448F-B8DC-8592FB4F9E5B}.Debug|iPhoneSimulator.ActiveCfg = Debug|Any CPU
		{02595479-C363-448F-B8DC-8592FB4F9E5B}.Debug|iPhoneSimulator.Build.0 = Debug|Any CPU
		{02595479-C363-448F-B8DC-8592FB4F9E5B}.Debug|iPhoneSimulator.Deploy.0 = Debug|Any CPU
		{02595479-C363-448F-B8DC-8592FB4F9E5B}.Debug|x64.ActiveCfg = Debug|Any CPU
		{02595479-C363-448F-B8DC-8592FB4F9E5B}.Debug|x64.Build.0 = Debug|Any CPU
		{02595479-C363-448F-B8DC-8592FB4F9E5B}.Debug|x64.Deploy.0 = Debug|Any CPU
		{02595479-C363-448F-B8DC-8592FB4F9E5B}.Debug|x86.ActiveCfg = Debug|Any CPU
		{02595479-C363-448F-B8DC-8592FB4F9E5B}.Debug|x86.Build.0 = Debug|Any CPU
		{02595479-C363-448F-B8DC-8592FB4F9E5B}.Debug|x86.Deploy.0 = Debug|Any CPU
		{02595479-C363-448F-B8DC-8592FB4F9E5B}.Release|Any CPU.ActiveCfg = Release|Any CPU
		{02595479-C363-448F-B8DC-8592FB4F9E5B}.Release|Any CPU.Build.0 = Release|Any CPU
		{02595479-C363-448F-B8DC-8592FB4F9E5B}.Release|Any CPU.Deploy.0 = Release|Any CPU
		{02595479-C363-448F-B8DC-8592FB4F9E5B}.Release|ARM.ActiveCfg = Release|Any CPU
		{02595479-C363-448F-B8DC-8592FB4F9E5B}.Release|ARM.Build.0 = Release|Any CPU
		{02595479-C363-448F-B8DC-8592FB4F9E5B}.Release|ARM.Deploy.0 = Release|Any CPU
		{02595479-C363-448F-B8DC-8592FB4F9E5B}.Release|iPhone.ActiveCfg = Release|Any CPU
		{02595479-C363-448F-B8DC-8592FB4F9E5B}.Release|iPhone.Build.0 = Release|Any CPU
		{02595479-C363-448F-B8DC-8592FB4F9E5B}.Release|iPhone.Deploy.0 = Release|Any CPU
		{02595479-C363-448F-B8DC-8592FB4F9E5B}.Release|iPhoneSimulator.ActiveCfg = Release|Any CPU
		{02595479-C363-448F-B8DC-8592FB4F9E5B}.Release|iPhoneSimulator.Build.0 = Release|Any CPU
		{02595479-C363-448F-B8DC-8592FB4F9E5B}.Release|iPhoneSimulator.Deploy.0 = Release|Any CPU
		{02595479-C363-448F-B8DC-8592FB4F9E5B}.Release|x64.ActiveCfg = Release|Any CPU
		{02595479-C363-448F-B8DC-8592FB4F9E5B}.Release|x64.Build.0 = Release|Any CPU
		{02595479-C363-448F-B8DC-8592FB4F9E5B}.Release|x64.Deploy.0 = Release|Any CPU
		{02595479-C363-448F-B8DC-8592FB4F9E5B}.Release|x86.ActiveCfg = Release|Any CPU
		{02595479-C363-448F-B8DC-8592FB4F9E5B}.Release|x86.Build.0 = Release|Any CPU
		{02595479-C363-448F-B8DC-8592FB4F9E5B}.Release|x86.Deploy.0 = Release|Any CPU
		{8B844CBF-C212-4957-8945-9416F5FFD6C5}.Ad-Hoc|Any CPU.ActiveCfg = Ad-Hoc|iPhone
		{8B844CBF-C212-4957-8945-9416F5FFD6C5}.Ad-Hoc|ARM.ActiveCfg = Ad-Hoc|iPhone
		{8B844CBF-C212-4957-8945-9416F5FFD6C5}.Ad-Hoc|iPhone.ActiveCfg = Ad-Hoc|iPhone
		{8B844CBF-C212-4957-8945-9416F5FFD6C5}.Ad-Hoc|iPhone.Build.0 = Ad-Hoc|iPhone
		{8B844CBF-C212-4957-8945-9416F5FFD6C5}.Ad-Hoc|iPhoneSimulator.ActiveCfg = Ad-Hoc|iPhoneSimulator
		{8B844CBF-C212-4957-8945-9416F5FFD6C5}.Ad-Hoc|iPhoneSimulator.Build.0 = Ad-Hoc|iPhoneSimulator
		{8B844CBF-C212-4957-8945-9416F5FFD6C5}.Ad-Hoc|x64.ActiveCfg = Ad-Hoc|iPhone
		{8B844CBF-C212-4957-8945-9416F5FFD6C5}.Ad-Hoc|x86.ActiveCfg = Ad-Hoc|iPhone
		{8B844CBF-C212-4957-8945-9416F5FFD6C5}.AppStore|Any CPU.ActiveCfg = AppStore|iPhone
		{8B844CBF-C212-4957-8945-9416F5FFD6C5}.AppStore|ARM.ActiveCfg = AppStore|iPhone
		{8B844CBF-C212-4957-8945-9416F5FFD6C5}.AppStore|iPhone.ActiveCfg = AppStore|iPhone
		{8B844CBF-C212-4957-8945-9416F5FFD6C5}.AppStore|iPhone.Build.0 = AppStore|iPhone
		{8B844CBF-C212-4957-8945-9416F5FFD6C5}.AppStore|iPhoneSimulator.ActiveCfg = AppStore|iPhoneSimulator
		{8B844CBF-C212-4957-8945-9416F5FFD6C5}.AppStore|iPhoneSimulator.Build.0 = AppStore|iPhoneSimulator
		{8B844CBF-C212-4957-8945-9416F5FFD6C5}.AppStore|x64.ActiveCfg = AppStore|iPhone
		{8B844CBF-C212-4957-8945-9416F5FFD6C5}.AppStore|x86.ActiveCfg = AppStore|iPhone
		{8B844CBF-C212-4957-8945-9416F5FFD6C5}.Debug|Any CPU.ActiveCfg = Debug|iPhone
		{8B844CBF-C212-4957-8945-9416F5FFD6C5}.Debug|ARM.ActiveCfg = Debug|iPhone
		{8B844CBF-C212-4957-8945-9416F5FFD6C5}.Debug|iPhone.ActiveCfg = Debug|iPhone
		{8B844CBF-C212-4957-8945-9416F5FFD6C5}.Debug|iPhone.Build.0 = Debug|iPhone
		{8B844CBF-C212-4957-8945-9416F5FFD6C5}.Debug|iPhoneSimulator.ActiveCfg = Debug|iPhoneSimulator
		{8B844CBF-C212-4957-8945-9416F5FFD6C5}.Debug|iPhoneSimulator.Build.0 = Debug|iPhoneSimulator
		{8B844CBF-C212-4957-8945-9416F5FFD6C5}.Debug|x64.ActiveCfg = Debug|iPhone
		{8B844CBF-C212-4957-8945-9416F5FFD6C5}.Debug|x86.ActiveCfg = Debug|iPhone
		{8B844CBF-C212-4957-8945-9416F5FFD6C5}.Release|Any CPU.ActiveCfg = Release|iPhone
		{8B844CBF-C212-4957-8945-9416F5FFD6C5}.Release|ARM.ActiveCfg = Release|iPhone
		{8B844CBF-C212-4957-8945-9416F5FFD6C5}.Release|iPhone.ActiveCfg = Release|iPhone
		{8B844CBF-C212-4957-8945-9416F5FFD6C5}.Release|iPhone.Build.0 = Release|iPhone
		{8B844CBF-C212-4957-8945-9416F5FFD6C5}.Release|iPhoneSimulator.ActiveCfg = Release|iPhoneSimulator
		{8B844CBF-C212-4957-8945-9416F5FFD6C5}.Release|iPhoneSimulator.Build.0 = Release|iPhoneSimulator
		{8B844CBF-C212-4957-8945-9416F5FFD6C5}.Release|x64.ActiveCfg = Release|iPhone
		{8B844CBF-C212-4957-8945-9416F5FFD6C5}.Release|x86.ActiveCfg = Release|iPhone
	EndGlobalSection
	GlobalSection(SolutionProperties) = preSolution
		HideSolutionNode = FALSE
	EndGlobalSection
EndGlobal
